// !$*UTF8*$!
{
	archiveVersion = 1;
	classes = {
	};
	objectVersion = 56;
	objects = {

/* Begin PBXBuildFile section */
		CE69B1FD299B577400079C7B /* PromiseKit in Frameworks */ = {isa = PBXBuildFile; productRef = CE69B1FC299B577400079C7B /* PromiseKit */; };
		CE69B1FF299B5C2C00079C7B /* Model.swift in Sources */ = {isa = PBXBuildFile; fileRef = CE69B1FE299B5C2C00079C7B /* Model.swift */; };
		CE69B202299B605600079C7B /* MemoRouter.swift in Sources */ = {isa = PBXBuildFile; fileRef = CE69B201299B605600079C7B /* MemoRouter.swift */; };
		CE69B204299B606100079C7B /* MemoPresenter.swift in Sources */ = {isa = PBXBuildFile; fileRef = CE69B203299B606100079C7B /* MemoPresenter.swift */; };
		CE69B207299B607600079C7B /* MemoViewController.swift in Sources */ = {isa = PBXBuildFile; fileRef = CE69B205299B607600079C7B /* MemoViewController.swift */; };
		CE69B208299B607600079C7B /* MemoViewController.xib in Resources */ = {isa = PBXBuildFile; fileRef = CE69B206299B607600079C7B /* MemoViewController.xib */; };
		CEB52B19299B23F9001D66B0 /* AppDelegate.swift in Sources */ = {isa = PBXBuildFile; fileRef = CEB52B18299B23F9001D66B0 /* AppDelegate.swift */; };
		CEB52B1B299B23F9001D66B0 /* SceneDelegate.swift in Sources */ = {isa = PBXBuildFile; fileRef = CEB52B1A299B23F9001D66B0 /* SceneDelegate.swift */; };
		CEB52B22299B23FC001D66B0 /* Assets.xcassets in Resources */ = {isa = PBXBuildFile; fileRef = CEB52B21299B23FC001D66B0 /* Assets.xcassets */; };
		CEB52B25299B23FC001D66B0 /* LaunchScreen.storyboard in Resources */ = {isa = PBXBuildFile; fileRef = CEB52B23299B23FC001D66B0 /* LaunchScreen.storyboard */; };
		CEB52B30299B23FC001D66B0 /* TableHogeViewTests.swift in Sources */ = {isa = PBXBuildFile; fileRef = CEB52B2F299B23FC001D66B0 /* TableHogeViewTests.swift */; };
		CEB52B3A299B23FC001D66B0 /* TableHogeViewUITests.swift in Sources */ = {isa = PBXBuildFile; fileRef = CEB52B39299B23FC001D66B0 /* TableHogeViewUITests.swift */; };
		CEB52B3C299B23FC001D66B0 /* TableHogeViewUITestsLaunchTests.swift in Sources */ = {isa = PBXBuildFile; fileRef = CEB52B3B299B23FC001D66B0 /* TableHogeViewUITestsLaunchTests.swift */; };
		CEB52B4A299B2431001D66B0 /* TableViewController.swift in Sources */ = {isa = PBXBuildFile; fileRef = CEB52B48299B2431001D66B0 /* TableViewController.swift */; };
		CEB52B4B299B2431001D66B0 /* TableViewController.xib in Resources */ = {isa = PBXBuildFile; fileRef = CEB52B49299B2431001D66B0 /* TableViewController.xib */; };
		CEB52B4E299B2478001D66B0 /* TableViewCell.swift in Sources */ = {isa = PBXBuildFile; fileRef = CEB52B4C299B2478001D66B0 /* TableViewCell.swift */; };
		CEB52B4F299B2478001D66B0 /* TableViewCell.xib in Resources */ = {isa = PBXBuildFile; fileRef = CEB52B4D299B2478001D66B0 /* TableViewCell.xib */; };
		CEB52B51299B2765001D66B0 /* TableViewRouter.swift in Sources */ = {isa = PBXBuildFile; fileRef = CEB52B50299B2765001D66B0 /* TableViewRouter.swift */; };
		CEB52B54299B515C001D66B0 /* TableViewPresenter.swift in Sources */ = {isa = PBXBuildFile; fileRef = CEB52B53299B515C001D66B0 /* TableViewPresenter.swift */; };
		CEB52B59299B52AE001D66B0 /* TableViewProtocols.swift in Sources */ = {isa = PBXBuildFile; fileRef = CEB52B58299B52AE001D66B0 /* TableViewProtocols.swift */; };
		CEB69637299B6EDB007E9E57 /* UIViewController.swift in Sources */ = {isa = PBXBuildFile; fileRef = CEB69636299B6EDB007E9E57 /* UIViewController.swift */; };
		CEB69639299B6F33007E9E57 /* AppViewController.swift in Sources */ = {isa = PBXBuildFile; fileRef = CEB69638299B6F33007E9E57 /* AppViewController.swift */; };
		CEB6963B299B8A75007E9E57 /* MemoViewProtocols.swift in Sources */ = {isa = PBXBuildFile; fileRef = CEB6963A299B8A75007E9E57 /* MemoViewProtocols.swift */; };
/* End PBXBuildFile section */

/* Begin PBXContainerItemProxy section */
		CEB52B2C299B23FC001D66B0 /* PBXContainerItemProxy */ = {
			isa = PBXContainerItemProxy;
			containerPortal = CEB52B0D299B23F9001D66B0 /* Project object */;
			proxyType = 1;
			remoteGlobalIDString = CEB52B14299B23F9001D66B0;
			remoteInfo = TableHogeView;
		};
		CEB52B36299B23FC001D66B0 /* PBXContainerItemProxy */ = {
			isa = PBXContainerItemProxy;
			containerPortal = CEB52B0D299B23F9001D66B0 /* Project object */;
			proxyType = 1;
			remoteGlobalIDString = CEB52B14299B23F9001D66B0;
			remoteInfo = TableHogeView;
		};
/* End PBXContainerItemProxy section */

/* Begin PBXFileReference section */
		CE69B1FE299B5C2C00079C7B /* Model.swift */ = {isa = PBXFileReference; lastKnownFileType = sourcecode.swift; path = Model.swift; sourceTree = "<group>"; };
		CE69B201299B605600079C7B /* MemoRouter.swift */ = {isa = PBXFileReference; lastKnownFileType = sourcecode.swift; path = MemoRouter.swift; sourceTree = "<group>"; };
		CE69B203299B606100079C7B /* MemoPresenter.swift */ = {isa = PBXFileReference; lastKnownFileType = sourcecode.swift; path = MemoPresenter.swift; sourceTree = "<group>"; };
		CE69B205299B607600079C7B /* MemoViewController.swift */ = {isa = PBXFileReference; lastKnownFileType = sourcecode.swift; path = MemoViewController.swift; sourceTree = "<group>"; };
		CE69B206299B607600079C7B /* MemoViewController.xib */ = {isa = PBXFileReference; lastKnownFileType = file.xib; path = MemoViewController.xib; sourceTree = "<group>"; };
		CEB52B15299B23F9001D66B0 /* TableHogeView.app */ = {isa = PBXFileReference; explicitFileType = wrapper.application; includeInIndex = 0; path = TableHogeView.app; sourceTree = BUILT_PRODUCTS_DIR; };
		CEB52B18299B23F9001D66B0 /* AppDelegate.swift */ = {isa = PBXFileReference; lastKnownFileType = sourcecode.swift; path = AppDelegate.swift; sourceTree = "<group>"; };
		CEB52B1A299B23F9001D66B0 /* SceneDelegate.swift */ = {isa = PBXFileReference; lastKnownFileType = sourcecode.swift; path = SceneDelegate.swift; sourceTree = "<group>"; };
		CEB52B21299B23FC001D66B0 /* Assets.xcassets */ = {isa = PBXFileReference; lastKnownFileType = folder.assetcatalog; path = Assets.xcassets; sourceTree = "<group>"; };
		CEB52B24299B23FC001D66B0 /* Base */ = {isa = PBXFileReference; lastKnownFileType = file.storyboard; name = Base; path = Base.lproj/LaunchScreen.storyboard; sourceTree = "<group>"; };
		CEB52B26299B23FC001D66B0 /* Info.plist */ = {isa = PBXFileReference; lastKnownFileType = text.plist.xml; path = Info.plist; sourceTree = "<group>"; };
		CEB52B2B299B23FC001D66B0 /* TableHogeViewTests.xctest */ = {isa = PBXFileReference; explicitFileType = wrapper.cfbundle; includeInIndex = 0; path = TableHogeViewTests.xctest; sourceTree = BUILT_PRODUCTS_DIR; };
		CEB52B2F299B23FC001D66B0 /* TableHogeViewTests.swift */ = {isa = PBXFileReference; lastKnownFileType = sourcecode.swift; path = TableHogeViewTests.swift; sourceTree = "<group>"; };
		CEB52B35299B23FC001D66B0 /* TableHogeViewUITests.xctest */ = {isa = PBXFileReference; explicitFileType = wrapper.cfbundle; includeInIndex = 0; path = TableHogeViewUITests.xctest; sourceTree = BUILT_PRODUCTS_DIR; };
		CEB52B39299B23FC001D66B0 /* TableHogeViewUITests.swift */ = {isa = PBXFileReference; lastKnownFileType = sourcecode.swift; path = TableHogeViewUITests.swift; sourceTree = "<group>"; };
		CEB52B3B299B23FC001D66B0 /* TableHogeViewUITestsLaunchTests.swift */ = {isa = PBXFileReference; lastKnownFileType = sourcecode.swift; path = TableHogeViewUITestsLaunchTests.swift; sourceTree = "<group>"; };
		CEB52B48299B2431001D66B0 /* TableViewController.swift */ = {isa = PBXFileReference; lastKnownFileType = sourcecode.swift; path = TableViewController.swift; sourceTree = "<group>"; };
		CEB52B49299B2431001D66B0 /* TableViewController.xib */ = {isa = PBXFileReference; lastKnownFileType = file.xib; path = TableViewController.xib; sourceTree = "<group>"; };
		CEB52B4C299B2478001D66B0 /* TableViewCell.swift */ = {isa = PBXFileReference; lastKnownFileType = sourcecode.swift; path = TableViewCell.swift; sourceTree = "<group>"; };
		CEB52B4D299B2478001D66B0 /* TableViewCell.xib */ = {isa = PBXFileReference; lastKnownFileType = file.xib; path = TableViewCell.xib; sourceTree = "<group>"; };
		CEB52B50299B2765001D66B0 /* TableViewRouter.swift */ = {isa = PBXFileReference; lastKnownFileType = sourcecode.swift; path = TableViewRouter.swift; sourceTree = "<group>"; };
		CEB52B53299B515C001D66B0 /* TableViewPresenter.swift */ = {isa = PBXFileReference; lastKnownFileType = sourcecode.swift; path = TableViewPresenter.swift; sourceTree = "<group>"; };
		CEB52B58299B52AE001D66B0 /* TableViewProtocols.swift */ = {isa = PBXFileReference; lastKnownFileType = sourcecode.swift; path = TableViewProtocols.swift; sourceTree = "<group>"; };
		CEB69636299B6EDB007E9E57 /* UIViewController.swift */ = {isa = PBXFileReference; lastKnownFileType = sourcecode.swift; path = UIViewController.swift; sourceTree = "<group>"; };
		CEB69638299B6F33007E9E57 /* AppViewController.swift */ = {isa = PBXFileReference; lastKnownFileType = sourcecode.swift; path = AppViewController.swift; sourceTree = "<group>"; };
		CEB6963A299B8A75007E9E57 /* MemoViewProtocols.swift */ = {isa = PBXFileReference; lastKnownFileType = sourcecode.swift; path = MemoViewProtocols.swift; sourceTree = "<group>"; };
/* End PBXFileReference section */

/* Begin PBXFrameworksBuildPhase section */
		CEB52B12299B23F9001D66B0 /* Frameworks */ = {
			isa = PBXFrameworksBuildPhase;
			buildActionMask = 2147483647;
			files = (
				CE69B1FD299B577400079C7B /* PromiseKit in Frameworks */,
			);
			runOnlyForDeploymentPostprocessing = 0;
		};
		CEB52B28299B23FC001D66B0 /* Frameworks */ = {
			isa = PBXFrameworksBuildPhase;
			buildActionMask = 2147483647;
			files = (
			);
			runOnlyForDeploymentPostprocessing = 0;
		};
		CEB52B32299B23FC001D66B0 /* Frameworks */ = {
			isa = PBXFrameworksBuildPhase;
			buildActionMask = 2147483647;
			files = (
			);
			runOnlyForDeploymentPostprocessing = 0;
		};
/* End PBXFrameworksBuildPhase section */

/* Begin PBXGroup section */
		CE69B200299B600D00079C7B /* MemoView */ = {
			isa = PBXGroup;
			children = (
				CE69B201299B605600079C7B /* MemoRouter.swift */,
				CE69B203299B606100079C7B /* MemoPresenter.swift */,
				CE69B205299B607600079C7B /* MemoViewController.swift */,
				CE69B206299B607600079C7B /* MemoViewController.xib */,
			);
			path = MemoView;
			sourceTree = "<group>";
		};
		CEB52B0C299B23F9001D66B0 = {
			isa = PBXGroup;
			children = (
				CE69B200299B600D00079C7B /* MemoView */,
				CEB52B56299B5231001D66B0 /* Model */,
				CEB52B17299B23F9001D66B0 /* TableHogeView */,
				CEB52B2E299B23FC001D66B0 /* TableHogeViewTests */,
				CEB52B38299B23FC001D66B0 /* TableHogeViewUITests */,
				CEB52B16299B23F9001D66B0 /* Products */,
			);
			sourceTree = "<group>";
		};
		CEB52B16299B23F9001D66B0 /* Products */ = {
			isa = PBXGroup;
			children = (
				CEB52B15299B23F9001D66B0 /* TableHogeView.app */,
				CEB52B2B299B23FC001D66B0 /* TableHogeViewTests.xctest */,
				CEB52B35299B23FC001D66B0 /* TableHogeViewUITests.xctest */,
			);
			name = Products;
			sourceTree = "<group>";
		};
		CEB52B17299B23F9001D66B0 /* TableHogeView */ = {
			isa = PBXGroup;
			children = (
				CEB69635299B6EC4007E9E57 /* Extention */,
				CEB52B18299B23F9001D66B0 /* AppDelegate.swift */,
				CEB52B1A299B23F9001D66B0 /* SceneDelegate.swift */,
				CEB52B26299B23FC001D66B0 /* Info.plist */,
				CEB52B23299B23FC001D66B0 /* LaunchScreen.storyboard */,
				CEB52B21299B23FC001D66B0 /* Assets.xcassets */,
				CEB52B52299B5138001D66B0 /* tableView */,
				CEB69638299B6F33007E9E57 /* AppViewController.swift */,
			);
			path = TableHogeView;
			sourceTree = "<group>";
		};
		CEB52B2E299B23FC001D66B0 /* TableHogeViewTests */ = {
			isa = PBXGroup;
			children = (
				CEB52B2F299B23FC001D66B0 /* TableHogeViewTests.swift */,
			);
			path = TableHogeViewTests;
			sourceTree = "<group>";
		};
		CEB52B38299B23FC001D66B0 /* TableHogeViewUITests */ = {
			isa = PBXGroup;
			children = (
				CEB52B39299B23FC001D66B0 /* TableHogeViewUITests.swift */,
				CEB52B3B299B23FC001D66B0 /* TableHogeViewUITestsLaunchTests.swift */,
			);
			path = TableHogeViewUITests;
			sourceTree = "<group>";
		};
		CEB52B52299B5138001D66B0 /* tableView */ = {
			isa = PBXGroup;
			children = (
				CEB52B55299B51C4001D66B0 /* tableViewCell */,
				CEB52B49299B2431001D66B0 /* TableViewController.xib */,
				CEB52B48299B2431001D66B0 /* TableViewController.swift */,
				CEB52B50299B2765001D66B0 /* TableViewRouter.swift */,
				CEB52B53299B515C001D66B0 /* TableViewPresenter.swift */,
			);
			path = tableView;
			sourceTree = "<group>";
		};
		CEB52B55299B51C4001D66B0 /* tableViewCell */ = {
			isa = PBXGroup;
			children = (
				CEB52B4C299B2478001D66B0 /* TableViewCell.swift */,
				CEB52B4D299B2478001D66B0 /* TableViewCell.xib */,
			);
			path = tableViewCell;
			sourceTree = "<group>";
		};
		CEB52B56299B5231001D66B0 /* Model */ = {
			isa = PBXGroup;
			children = (
				CEB52B57299B5239001D66B0 /* Protocols */,
			);
			path = Model;
			sourceTree = "<group>";
		};
		CEB52B57299B5239001D66B0 /* Protocols */ = {
			isa = PBXGroup;
			children = (
				CE69B1FE299B5C2C00079C7B /* Model.swift */,
				CEB52B58299B52AE001D66B0 /* TableViewProtocols.swift */,
				CEB6963A299B8A75007E9E57 /* MemoViewProtocols.swift */,
			);
			path = Protocols;
			sourceTree = "<group>";
		};
		CEB69635299B6EC4007E9E57 /* Extention */ = {
			isa = PBXGroup;
			children = (
				CEB69636299B6EDB007E9E57 /* UIViewController.swift */,
			);
			path = Extention;
			sourceTree = "<group>";
		};
/* End PBXGroup section */

/* Begin PBXNativeTarget section */
		CEB52B14299B23F9001D66B0 /* TableHogeView */ = {
			isa = PBXNativeTarget;
			buildConfigurationList = CEB52B3F299B23FC001D66B0 /* Build configuration list for PBXNativeTarget "TableHogeView" */;
			buildPhases = (
				CEB52B11299B23F9001D66B0 /* Sources */,
				CEB52B12299B23F9001D66B0 /* Frameworks */,
				CEB52B13299B23F9001D66B0 /* Resources */,
			);
			buildRules = (
			);
			dependencies = (
			);
			name = TableHogeView;
			packageProductDependencies = (
				CE69B1FC299B577400079C7B /* PromiseKit */,
			);
			productName = TableHogeView;
			productReference = CEB52B15299B23F9001D66B0 /* TableHogeView.app */;
			productType = "com.apple.product-type.application";
		};
		CEB52B2A299B23FC001D66B0 /* TableHogeViewTests */ = {
			isa = PBXNativeTarget;
			buildConfigurationList = CEB52B42299B23FC001D66B0 /* Build configuration list for PBXNativeTarget "TableHogeViewTests" */;
			buildPhases = (
				CEB52B27299B23FC001D66B0 /* Sources */,
				CEB52B28299B23FC001D66B0 /* Frameworks */,
				CEB52B29299B23FC001D66B0 /* Resources */,
			);
			buildRules = (
			);
			dependencies = (
				CEB52B2D299B23FC001D66B0 /* PBXTargetDependency */,
			);
			name = TableHogeViewTests;
			productName = TableHogeViewTests;
			productReference = CEB52B2B299B23FC001D66B0 /* TableHogeViewTests.xctest */;
			productType = "com.apple.product-type.bundle.unit-test";
		};
		CEB52B34299B23FC001D66B0 /* TableHogeViewUITests */ = {
			isa = PBXNativeTarget;
			buildConfigurationList = CEB52B45299B23FC001D66B0 /* Build configuration list for PBXNativeTarget "TableHogeViewUITests" */;
			buildPhases = (
				CEB52B31299B23FC001D66B0 /* Sources */,
				CEB52B32299B23FC001D66B0 /* Frameworks */,
				CEB52B33299B23FC001D66B0 /* Resources */,
			);
			buildRules = (
			);
			dependencies = (
				CEB52B37299B23FC001D66B0 /* PBXTargetDependency */,
			);
			name = TableHogeViewUITests;
			productName = TableHogeViewUITests;
			productReference = CEB52B35299B23FC001D66B0 /* TableHogeViewUITests.xctest */;
			productType = "com.apple.product-type.bundle.ui-testing";
		};
/* End PBXNativeTarget section */

/* Begin PBXProject section */
		CEB52B0D299B23F9001D66B0 /* Project object */ = {
			isa = PBXProject;
			attributes = {
				BuildIndependentTargetsInParallel = 1;
				LastSwiftUpdateCheck = 1420;
				LastUpgradeCheck = 1420;
				TargetAttributes = {
					CEB52B14299B23F9001D66B0 = {
						CreatedOnToolsVersion = 14.2;
					};
					CEB52B2A299B23FC001D66B0 = {
						CreatedOnToolsVersion = 14.2;
						TestTargetID = CEB52B14299B23F9001D66B0;
					};
					CEB52B34299B23FC001D66B0 = {
						CreatedOnToolsVersion = 14.2;
						TestTargetID = CEB52B14299B23F9001D66B0;
					};
				};
			};
			buildConfigurationList = CEB52B10299B23F9001D66B0 /* Build configuration list for PBXProject "TableHogeView" */;
			compatibilityVersion = "Xcode 14.0";
			developmentRegion = en;
			hasScannedForEncodings = 0;
			knownRegions = (
				en,
				Base,
			);
			mainGroup = CEB52B0C299B23F9001D66B0;
			packageReferences = (
				CE69B1FB299B577400079C7B /* XCRemoteSwiftPackageReference "PromiseKit" */,
			);
			productRefGroup = CEB52B16299B23F9001D66B0 /* Products */;
			projectDirPath = "";
			projectRoot = "";
			targets = (
				CEB52B14299B23F9001D66B0 /* TableHogeView */,
				CEB52B2A299B23FC001D66B0 /* TableHogeViewTests */,
				CEB52B34299B23FC001D66B0 /* TableHogeViewUITests */,
			);
		};
/* End PBXProject section */

/* Begin PBXResourcesBuildPhase section */
		CEB52B13299B23F9001D66B0 /* Resources */ = {
			isa = PBXResourcesBuildPhase;
			buildActionMask = 2147483647;
			files = (
				CEB52B4B299B2431001D66B0 /* TableViewController.xib in Resources */,
				CEB52B4F299B2478001D66B0 /* TableViewCell.xib in Resources */,
				CEB52B25299B23FC001D66B0 /* LaunchScreen.storyboard in Resources */,
				CEB52B22299B23FC001D66B0 /* Assets.xcassets in Resources */,
				CE69B208299B607600079C7B /* MemoViewController.xib in Resources */,
			);
			runOnlyForDeploymentPostprocessing = 0;
		};
		CEB52B29299B23FC001D66B0 /* Resources */ = {
			isa = PBXResourcesBuildPhase;
			buildActionMask = 2147483647;
			files = (
			);
			runOnlyForDeploymentPostprocessing = 0;
		};
		CEB52B33299B23FC001D66B0 /* Resources */ = {
			isa = PBXResourcesBuildPhase;
			buildActionMask = 2147483647;
			files = (
			);
			runOnlyForDeploymentPostprocessing = 0;
		};
/* End PBXResourcesBuildPhase section */

/* Begin PBXSourcesBuildPhase section */
		CEB52B11299B23F9001D66B0 /* Sources */ = {
			isa = PBXSourcesBuildPhase;
			buildActionMask = 2147483647;
			files = (
				CEB6963B299B8A75007E9E57 /* MemoViewProtocols.swift in Sources */,
				CE69B207299B607600079C7B /* MemoViewController.swift in Sources */,
				CEB52B4E299B2478001D66B0 /* TableViewCell.swift in Sources */,
				CEB69639299B6F33007E9E57 /* AppViewController.swift in Sources */,
				CEB69637299B6EDB007E9E57 /* UIViewController.swift in Sources */,
				CEB52B19299B23F9001D66B0 /* AppDelegate.swift in Sources */,
				CE69B204299B606100079C7B /* MemoPresenter.swift in Sources */,
				CE69B202299B605600079C7B /* MemoRouter.swift in Sources */,
				CEB52B1B299B23F9001D66B0 /* SceneDelegate.swift in Sources */,
				CEB52B51299B2765001D66B0 /* TableViewRouter.swift in Sources */,
				CEB52B4A299B2431001D66B0 /* TableViewController.swift in Sources */,
				CEB52B59299B52AE001D66B0 /* TableViewProtocols.swift in Sources */,
				CEB52B54299B515C001D66B0 /* TableViewPresenter.swift in Sources */,
				CE69B1FF299B5C2C00079C7B /* Model.swift in Sources */,
			);
			runOnlyForDeploymentPostprocessing = 0;
		};
		CEB52B27299B23FC001D66B0 /* Sources */ = {
			isa = PBXSourcesBuildPhase;
			buildActionMask = 2147483647;
			files = (
				CEB52B30299B23FC001D66B0 /* TableHogeViewTests.swift in Sources */,
			);
			runOnlyForDeploymentPostprocessing = 0;
		};
		CEB52B31299B23FC001D66B0 /* Sources */ = {
			isa = PBXSourcesBuildPhase;
			buildActionMask = 2147483647;
			files = (
				CEB52B3A299B23FC001D66B0 /* TableHogeViewUITests.swift in Sources */,
				CEB52B3C299B23FC001D66B0 /* TableHogeViewUITestsLaunchTests.swift in Sources */,
			);
			runOnlyForDeploymentPostprocessing = 0;
		};
/* End PBXSourcesBuildPhase section */

/* Begin PBXTargetDependency section */
		CEB52B2D299B23FC001D66B0 /* PBXTargetDependency */ = {
			isa = PBXTargetDependency;
			target = CEB52B14299B23F9001D66B0 /* TableHogeView */;
			targetProxy = CEB52B2C299B23FC001D66B0 /* PBXContainerItemProxy */;
		};
		CEB52B37299B23FC001D66B0 /* PBXTargetDependency */ = {
			isa = PBXTargetDependency;
			target = CEB52B14299B23F9001D66B0 /* TableHogeView */;
			targetProxy = CEB52B36299B23FC001D66B0 /* PBXContainerItemProxy */;
		};
/* End PBXTargetDependency section */

/* Begin PBXVariantGroup section */
		CEB52B23299B23FC001D66B0 /* LaunchScreen.storyboard */ = {
			isa = PBXVariantGroup;
			children = (
				CEB52B24299B23FC001D66B0 /* Base */,
			);
			name = LaunchScreen.storyboard;
			sourceTree = "<group>";
		};
/* End PBXVariantGroup section */

/* Begin XCBuildConfiguration section */
		CEB52B3D299B23FC001D66B0 /* Debug */ = {
			isa = XCBuildConfiguration;
			buildSettings = {
				ALWAYS_SEARCH_USER_PATHS = NO;
				CLANG_ANALYZER_NONNULL = YES;
				CLANG_ANALYZER_NUMBER_OBJECT_CONVERSION = YES_AGGRESSIVE;
				CLANG_CXX_LANGUAGE_STANDARD = "gnu++20";
				CLANG_ENABLE_MODULES = YES;
				CLANG_ENABLE_OBJC_ARC = YES;
				CLANG_ENABLE_OBJC_WEAK = YES;
				CLANG_WARN_BLOCK_CAPTURE_AUTORELEASING = YES;
				CLANG_WARN_BOOL_CONVERSION = YES;
				CLANG_WARN_COMMA = YES;
				CLANG_WARN_CONSTANT_CONVERSION = YES;
				CLANG_WARN_DEPRECATED_OBJC_IMPLEMENTATIONS = YES;
				CLANG_WARN_DIRECT_OBJC_ISA_USAGE = YES_ERROR;
				CLANG_WARN_DOCUMENTATION_COMMENTS = YES;
				CLANG_WARN_EMPTY_BODY = YES;
				CLANG_WARN_ENUM_CONVERSION = YES;
				CLANG_WARN_INFINITE_RECURSION = YES;
				CLANG_WARN_INT_CONVERSION = YES;
				CLANG_WARN_NON_LITERAL_NULL_CONVERSION = YES;
				CLANG_WARN_OBJC_IMPLICIT_RETAIN_SELF = YES;
				CLANG_WARN_OBJC_LITERAL_CONVERSION = YES;
				CLANG_WARN_OBJC_ROOT_CLASS = YES_ERROR;
				CLANG_WARN_QUOTED_INCLUDE_IN_FRAMEWORK_HEADER = YES;
				CLANG_WARN_RANGE_LOOP_ANALYSIS = YES;
				CLANG_WARN_STRICT_PROTOTYPES = YES;
				CLANG_WARN_SUSPICIOUS_MOVE = YES;
				CLANG_WARN_UNGUARDED_AVAILABILITY = YES_AGGRESSIVE;
				CLANG_WARN_UNREACHABLE_CODE = YES;
				CLANG_WARN__DUPLICATE_METHOD_MATCH = YES;
				COPY_PHASE_STRIP = NO;
				DEBUG_INFORMATION_FORMAT = dwarf;
				ENABLE_STRICT_OBJC_MSGSEND = YES;
				ENABLE_TESTABILITY = YES;
				GCC_C_LANGUAGE_STANDARD = gnu11;
				GCC_DYNAMIC_NO_PIC = NO;
				GCC_NO_COMMON_BLOCKS = YES;
				GCC_OPTIMIZATION_LEVEL = 0;
				GCC_PREPROCESSOR_DEFINITIONS = (
					"DEBUG=1",
					"$(inherited)",
				);
				GCC_WARN_64_TO_32_BIT_CONVERSION = YES;
				GCC_WARN_ABOUT_RETURN_TYPE = YES_ERROR;
				GCC_WARN_UNDECLARED_SELECTOR = YES;
				GCC_WARN_UNINITIALIZED_AUTOS = YES_AGGRESSIVE;
				GCC_WARN_UNUSED_FUNCTION = YES;
				GCC_WARN_UNUSED_VARIABLE = YES;
				IPHONEOS_DEPLOYMENT_TARGET = 16.2;
				MTL_ENABLE_DEBUG_INFO = INCLUDE_SOURCE;
				MTL_FAST_MATH = YES;
				ONLY_ACTIVE_ARCH = YES;
				SDKROOT = iphoneos;
				SWIFT_ACTIVE_COMPILATION_CONDITIONS = DEBUG;
				SWIFT_OPTIMIZATION_LEVEL = "-Onone";
			};
			name = Debug;
		};
		CEB52B3E299B23FC001D66B0 /* Release */ = {
			isa = XCBuildConfiguration;
			buildSettings = {
				ALWAYS_SEARCH_USER_PATHS = NO;
				CLANG_ANALYZER_NONNULL = YES;
				CLANG_ANALYZER_NUMBER_OBJECT_CONVERSION = YES_AGGRESSIVE;
				CLANG_CXX_LANGUAGE_STANDARD = "gnu++20";
				CLANG_ENABLE_MODULES = YES;
				CLANG_ENABLE_OBJC_ARC = YES;
				CLANG_ENABLE_OBJC_WEAK = YES;
				CLANG_WARN_BLOCK_CAPTURE_AUTORELEASING = YES;
				CLANG_WARN_BOOL_CONVERSION = YES;
				CLANG_WARN_COMMA = YES;
				CLANG_WARN_CONSTANT_CONVERSION = YES;
				CLANG_WARN_DEPRECATED_OBJC_IMPLEMENTATIONS = YES;
				CLANG_WARN_DIRECT_OBJC_ISA_USAGE = YES_ERROR;
				CLANG_WARN_DOCUMENTATION_COMMENTS = YES;
				CLANG_WARN_EMPTY_BODY = YES;
				CLANG_WARN_ENUM_CONVERSION = YES;
				CLANG_WARN_INFINITE_RECURSION = YES;
				CLANG_WARN_INT_CONVERSION = YES;
				CLANG_WARN_NON_LITERAL_NULL_CONVERSION = YES;
				CLANG_WARN_OBJC_IMPLICIT_RETAIN_SELF = YES;
				CLANG_WARN_OBJC_LITERAL_CONVERSION = YES;
				CLANG_WARN_OBJC_ROOT_CLASS = YES_ERROR;
				CLANG_WARN_QUOTED_INCLUDE_IN_FRAMEWORK_HEADER = YES;
				CLANG_WARN_RANGE_LOOP_ANALYSIS = YES;
				CLANG_WARN_STRICT_PROTOTYPES = YES;
				CLANG_WARN_SUSPICIOUS_MOVE = YES;
				CLANG_WARN_UNGUARDED_AVAILABILITY = YES_AGGRESSIVE;
				CLANG_WARN_UNREACHABLE_CODE = YES;
				CLANG_WARN__DUPLICATE_METHOD_MATCH = YES;
				COPY_PHASE_STRIP = NO;
				DEBUG_INFORMATION_FORMAT = "dwarf-with-dsym";
				ENABLE_NS_ASSERTIONS = NO;
				ENABLE_STRICT_OBJC_MSGSEND = YES;
				GCC_C_LANGUAGE_STANDARD = gnu11;
				GCC_NO_COMMON_BLOCKS = YES;
				GCC_WARN_64_TO_32_BIT_CONVERSION = YES;
				GCC_WARN_ABOUT_RETURN_TYPE = YES_ERROR;
				GCC_WARN_UNDECLARED_SELECTOR = YES;
				GCC_WARN_UNINITIALIZED_AUTOS = YES_AGGRESSIVE;
				GCC_WARN_UNUSED_FUNCTION = YES;
				GCC_WARN_UNUSED_VARIABLE = YES;
				IPHONEOS_DEPLOYMENT_TARGET = 16.2;
				MTL_ENABLE_DEBUG_INFO = NO;
				MTL_FAST_MATH = YES;
				SDKROOT = iphoneos;
				SWIFT_COMPILATION_MODE = wholemodule;
				SWIFT_OPTIMIZATION_LEVEL = "-O";
				VALIDATE_PRODUCT = YES;
			};
			name = Release;
		};
		CEB52B40299B23FC001D66B0 /* Debug */ = {
			isa = XCBuildConfiguration;
			buildSettings = {
				ASSETCATALOG_COMPILER_APPICON_NAME = AppIcon;
				ASSETCATALOG_COMPILER_GLOBAL_ACCENT_COLOR_NAME = AccentColor;
				CODE_SIGN_STYLE = Automatic;
				CURRENT_PROJECT_VERSION = 1;
				GENERATE_INFOPLIST_FILE = YES;
				INFOPLIST_FILE = TableHogeView/Info.plist;
				INFOPLIST_KEY_LSApplicationCategoryType = "";
				INFOPLIST_KEY_UIApplicationSupportsIndirectInputEvents = YES;
				INFOPLIST_KEY_UILaunchStoryboardName = LaunchScreen;
				INFOPLIST_KEY_UISupportedInterfaceOrientations_iPad = "UIInterfaceOrientationPortrait UIInterfaceOrientationPortraitUpsideDown UIInterfaceOrientationLandscapeLeft UIInterfaceOrientationLandscapeRight";
				INFOPLIST_KEY_UISupportedInterfaceOrientations_iPhone = "UIInterfaceOrientationPortrait UIInterfaceOrientationLandscapeLeft UIInterfaceOrientationLandscapeRight";
				LD_RUNPATH_SEARCH_PATHS = (
					"$(inherited)",
					"@executable_path/Frameworks",
				);
				MARKETING_VERSION = 1.0;
				PRODUCT_BUNDLE_IDENTIFIER = "jbcwz6341-gmail.com.TableHogeView";
				PRODUCT_NAME = "$(TARGET_NAME)";
				SWIFT_EMIT_LOC_STRINGS = YES;
				SWIFT_VERSION = 5.0;
				TARGETED_DEVICE_FAMILY = "1,2";
			};
			name = Debug;
		};
		CEB52B41299B23FC001D66B0 /* Release */ = {
			isa = XCBuildConfiguration;
			buildSettings = {
				ASSETCATALOG_COMPILER_APPICON_NAME = AppIcon;
				ASSETCATALOG_COMPILER_GLOBAL_ACCENT_COLOR_NAME = AccentColor;
				CODE_SIGN_STYLE = Automatic;
				CURRENT_PROJECT_VERSION = 1;
				GENERATE_INFOPLIST_FILE = YES;
				INFOPLIST_FILE = TableHogeView/Info.plist;
				INFOPLIST_KEY_LSApplicationCategoryType = "";
				INFOPLIST_KEY_UIApplicationSupportsIndirectInputEvents = YES;
				INFOPLIST_KEY_UILaunchStoryboardName = LaunchScreen;
				INFOPLIST_KEY_UISupportedInterfaceOrientations_iPad = "UIInterfaceOrientationPortrait UIInterfaceOrientationPortraitUpsideDown UIInterfaceOrientationLandscapeLeft UIInterfaceOrientationLandscapeRight";
				INFOPLIST_KEY_UISupportedInterfaceOrientations_iPhone = "UIInterfaceOrientationPortrait UIInterfaceOrientationLandscapeLeft UIInterfaceOrientationLandscapeRight";
				LD_RUNPATH_SEARCH_PATHS = (
					"$(inherited)",
					"@executable_path/Frameworks",
				);
				MARKETING_VERSION = 1.0;
				PRODUCT_BUNDLE_IDENTIFIER = "jbcwz6341-gmail.com.TableHogeView";
				PRODUCT_NAME = "$(TARGET_NAME)";
				SWIFT_EMIT_LOC_STRINGS = YES;
				SWIFT_VERSION = 5.0;
				TARGETED_DEVICE_FAMILY = "1,2";
			};
			name = Release;
		};
		CEB52B43299B23FC001D66B0 /* Debug */ = {
			isa = XCBuildConfiguration;
			buildSettings = {
				ALWAYS_EMBED_SWIFT_STANDARD_LIBRARIES = YES;
				BUNDLE_LOADER = "$(TEST_HOST)";
				CODE_SIGN_STYLE = Automatic;
				CURRENT_PROJECT_VERSION = 1;
				GENERATE_INFOPLIST_FILE = YES;
				IPHONEOS_DEPLOYMENT_TARGET = 16.2;
				MARKETING_VERSION = 1.0;
				PRODUCT_BUNDLE_IDENTIFIER = "jbcwz6341-gmail.com.TableHogeViewTests";
				PRODUCT_NAME = "$(TARGET_NAME)";
				SWIFT_EMIT_LOC_STRINGS = NO;
				SWIFT_VERSION = 5.0;
				TARGETED_DEVICE_FAMILY = "1,2";
				TEST_HOST = "$(BUILT_PRODUCTS_DIR)/TableHogeView.app/$(BUNDLE_EXECUTABLE_FOLDER_PATH)/TableHogeView";
			};
			name = Debug;
		};
		CEB52B44299B23FC001D66B0 /* Release */ = {
			isa = XCBuildConfiguration;
			buildSettings = {
				ALWAYS_EMBED_SWIFT_STANDARD_LIBRARIES = YES;
				BUNDLE_LOADER = "$(TEST_HOST)";
				CODE_SIGN_STYLE = Automatic;
				CURRENT_PROJECT_VERSION = 1;
				GENERATE_INFOPLIST_FILE = YES;
				IPHONEOS_DEPLOYMENT_TARGET = 16.2;
				MARKETING_VERSION = 1.0;
				PRODUCT_BUNDLE_IDENTIFIER = "jbcwz6341-gmail.com.TableHogeViewTests";
				PRODUCT_NAME = "$(TARGET_NAME)";
				SWIFT_EMIT_LOC_STRINGS = NO;
				SWIFT_VERSION = 5.0;
				TARGETED_DEVICE_FAMILY = "1,2";
				TEST_HOST = "$(BUILT_PRODUCTS_DIR)/TableHogeView.app/$(BUNDLE_EXECUTABLE_FOLDER_PATH)/TableHogeView";
			};
			name = Release;
		};
		CEB52B46299B23FC001D66B0 /* Debug */ = {
			isa = XCBuildConfiguration;
			buildSettings = {
				ALWAYS_EMBED_SWIFT_STANDARD_LIBRARIES = YES;
				CODE_SIGN_STYLE = Automatic;
				CURRENT_PROJECT_VERSION = 1;
				GENERATE_INFOPLIST_FILE = YES;
				MARKETING_VERSION = 1.0;
				PRODUCT_BUNDLE_IDENTIFIER = "jbcwz6341-gmail.com.TableHogeViewUITests";
				PRODUCT_NAME = "$(TARGET_NAME)";
				SWIFT_EMIT_LOC_STRINGS = NO;
				SWIFT_VERSION = 5.0;
				TARGETED_DEVICE_FAMILY = "1,2";
				TEST_TARGET_NAME = TableHogeView;
			};
			name = Debug;
		};
		CEB52B47299B23FC001D66B0 /* Release */ = {
			isa = XCBuildConfiguration;
			buildSettings = {
				ALWAYS_EMBED_SWIFT_STANDARD_LIBRARIES = YES;
				CODE_SIGN_STYLE = Automatic;
				CURRENT_PROJECT_VERSION = 1;
				GENERATE_INFOPLIST_FILE = YES;
				MARKETING_VERSION = 1.0;
				PRODUCT_BUNDLE_IDENTIFIER = "jbcwz6341-gmail.com.TableHogeViewUITests";
				PRODUCT_NAME = "$(TARGET_NAME)";
				SWIFT_EMIT_LOC_STRINGS = NO;
				SWIFT_VERSION = 5.0;
				TARGETED_DEVICE_FAMILY = "1,2";
				TEST_TARGET_NAME = TableHogeView;
			};
			name = Release;
		};
/* End XCBuildConfiguration section */

/* Begin XCConfigurationList section */
		CEB52B10299B23F9001D66B0 /* Build configuration list for PBXProject "TableHogeView" */ = {
			isa = XCConfigurationList;
			buildConfigurations = (
				CEB52B3D299B23FC001D66B0 /* Debug */,
				CEB52B3E299B23FC001D66B0 /* Release */,
			);
			defaultConfigurationIsVisible = 0;
			defaultConfigurationName = Release;
		};
		CEB52B3F299B23FC001D66B0 /* Build configuration list for PBXNativeTarget "TableHogeView" */ = {
			isa = XCConfigurationList;
			buildConfigurations = (
				CEB52B40299B23FC001D66B0 /* Debug */,
				CEB52B41299B23FC001D66B0 /* Release */,
			);
			defaultConfigurationIsVisible = 0;
			defaultConfigurationName = Release;
		};
		CEB52B42299B23FC001D66B0 /* Build configuration list for PBXNativeTarget "TableHogeViewTests" */ = {
			isa = XCConfigurationList;
			buildConfigurations = (
				CEB52B43299B23FC001D66B0 /* Debug */,
				CEB52B44299B23FC001D66B0 /* Release */,
			);
			defaultConfigurationIsVisible = 0;
			defaultConfigurationName = Release;
		};
		CEB52B45299B23FC001D66B0 /* Build configuration list for PBXNativeTarget "TableHogeViewUITests" */ = {
			isa = XCConfigurationList;
			buildConfigurations = (
				CEB52B46299B23FC001D66B0 /* Debug */,
				CEB52B47299B23FC001D66B0 /* Release */,
			);
			defaultConfigurationIsVisible = 0;
			defaultConfigurationName = Release;
		};
/* End XCConfigurationList section */

/* Begin XCRemoteSwiftPackageReference section */
		CE69B1FB299B577400079C7B /* XCRemoteSwiftPackageReference "PromiseKit" */ = {
			isa = XCRemoteSwiftPackageReference;
			repositoryURL = "https://github.com/mxcl/PromiseKit.git";
			requirement = {
				kind = upToNextMajorVersion;
				minimumVersion = 6.0.0;
			};
		};
/* End XCRemoteSwiftPackageReference section */

/* Begin XCSwiftPackageProductDependency section */
		CE69B1FC299B577400079C7B /* PromiseKit */ = {
			isa = XCSwiftPackageProductDependency;
			package = CE69B1FB299B577400079C7B /* XCRemoteSwiftPackageReference "PromiseKit" */;
			productName = PromiseKit;
		};
/* End XCSwiftPackageProductDependency section */
	};
	rootObject = CEB52B0D299B23F9001D66B0 /* Project object */;
}
